
Microsoft Visual Studio Solution File, Format Version 12.00
# Visual Studio Version 17
VisualStudioVersion = 17.4.33110.190
MinimumVisualStudioVersion = 10.0.40219.1
Project("{2150E333-8FDC-42A3-9474-1A3956D46DE8}") = "contract", "contract", "{651F0F6E-86CF-42D2-9110-5F3EAE5704F0}"
EndProject
Project("{2150E333-8FDC-42A3-9474-1A3956D46DE8}") = "test", "test", "{26990847-E0A2-4FCC-8C71-267CA77557CD}"
EndProject
Project("{2150E333-8FDC-42A3-9474-1A3956D46DE8}") = "src", "src", "{51CE1A9E-63A0-49C6-B820-C8519C94F389}"
EndProject
Project("{9A19103F-16F7-4668-BE54-9A1E7A4F7556}") = "AElf.Contracts.HealthMinerAsset", "contract\AElf.Contracts.HealthMinerAsset\AElf.Contracts.HealthMinerAsset.csproj", "{684704AA-7366-4ABD-AEBA-0469BF940638}"
EndProject
Project("{9A19103F-16F7-4668-BE54-9A1E7A4F7556}") = "AElf.Types", "src\AElf.Types\AElf.Types.csproj", "{D6F6218B-3C89-4FC8-A5FD-AEC9E4ABF2E0}"
EndProject
Project("{9A19103F-16F7-4668-BE54-9A1E7A4F7556}") = "AElf.Sdk.CSharp", "src\AElf.Sdk.CSharp\AElf.Sdk.CSharp.csproj", "{C5261180-01D3-41D6-A331-5F247B4EA95B}"
EndProject
Project("{9A19103F-16F7-4668-BE54-9A1E7A4F7556}") = "AElf.Core", "src\AElf.Core\AElf.Core.csproj", "{8DDD01B9-4263-4C73-B28A-CEE08760C9EC}"
EndProject
Project("{9A19103F-16F7-4668-BE54-9A1E7A4F7556}") = "AElf.Kernel.Types", "src\AElf.Kernel.Types\AElf.Kernel.Types.csproj", "{1E2273CC-9958-4A22-AC30-14713A7451A4}"
EndProject
Project("{9A19103F-16F7-4668-BE54-9A1E7A4F7556}") = "AElf.Database", "src\AElf.Database\AElf.Database.csproj", "{7D2641CD-EB4F-4157-8B30-4DB5AA2F7DE9}"
EndProject
Project("{9A19103F-16F7-4668-BE54-9A1E7A4F7556}") = "AElf.Kernel", "src\AElf.Kernel\AElf.Kernel.csproj", "{E53929EB-5C15-4E1D-BAF9-52C8A64F7563}"
EndProject
Project("{9A19103F-16F7-4668-BE54-9A1E7A4F7556}") = "AElf.Cryptography", "src\AElf.Cryptography\AElf.Cryptography.csproj", "{2CCCAF3A-9BA3-41C6-BF69-BB93F89188C2}"
EndProject
Project("{9A19103F-16F7-4668-BE54-9A1E7A4F7556}") = "AElf.Kernel.SmartContract", "src\AElf.Kernel.SmartContract\AElf.Kernel.SmartContract.csproj", "{38444651-BD8F-47A5-AA97-A93739999C71}"
EndProject
Project("{9A19103F-16F7-4668-BE54-9A1E7A4F7556}") = "AElf.Kernel.Node", "src\AElf.Kernel.Node\AElf.Kernel.Node.csproj", "{49EA11C9-7F03-474F-89E2-96CC7EC63479}"
EndProject
Project("{9A19103F-16F7-4668-BE54-9A1E7A4F7556}") = "AElf.Kernel.SmartContractExecution", "src\AElf.Kernel.SmartContractExecution\AElf.Kernel.SmartContractExecution.csproj", "{200D97B6-EBE8-4700-8CDA-C15FBE0EB683}"
EndProject
Project("{9A19103F-16F7-4668-BE54-9A1E7A4F7556}") = "AElf.Kernel.CodeCheck", "src\AElf.Kernel.CodeCheck\AElf.Kernel.CodeCheck.csproj", "{E24BA365-9AF9-4E55-A058-065949416A6A}"
EndProject
Project("{9A19103F-16F7-4668-BE54-9A1E7A4F7556}") = "AElf.Kernel.Consensus.Core", "src\AElf.Kernel.Consensus.Core\AElf.Kernel.Consensus.Core.csproj", "{5AF17983-1977-4A48-B0EA-76E091DBCD37}"
EndProject
Project("{9A19103F-16F7-4668-BE54-9A1E7A4F7556}") = "AElf.Kernel.Configuration", "src\AElf.Kernel.Configuration\AElf.Kernel.Configuration.csproj", "{F1052776-3A60-4656-8EB5-775D51CA8B30}"
EndProject
Project("{9A19103F-16F7-4668-BE54-9A1E7A4F7556}") = "AElf.Kernel.TransactionPool", "src\AElf.Kernel.TransactionPool\AElf.Kernel.TransactionPool.csproj", "{41BC622A-6A72-45DB-A2BB-0C0FB863DE13}"
EndProject
Project("{9A19103F-16F7-4668-BE54-9A1E7A4F7556}") = "AElf.Kernel.Proposal", "src\AElf.Kernel.Proposal\AElf.Kernel.Proposal.csproj", "{2BC4DD79-7C3B-4C4E-9B09-711739A9245A}"
EndProject
Project("{9A19103F-16F7-4668-BE54-9A1E7A4F7556}") = "AElf.Kernel.ChainController", "src\AElf.Kernel.ChainController\AElf.Kernel.ChainController.csproj", "{B6B5099D-B314-467B-831E-BD35DDCD5408}"
EndProject
Project("{9A19103F-16F7-4668-BE54-9A1E7A4F7556}") = "AElf.Kernel.SmartContract.Shared", "src\AElf.Kernel.SmartContract.Shared\AElf.Kernel.SmartContract.Shared.csproj", "{C793D02F-B6C4-47B9-9967-17B610EC9CE3}"
EndProject
Project("{9A19103F-16F7-4668-BE54-9A1E7A4F7556}") = "AElf.CSharp.Core", "src\AElf.CSharp.Core\AElf.CSharp.Core.csproj", "{56EFA22B-16BE-4322-84B5-BF13DA72C838}"
EndProject
Project("{9A19103F-16F7-4668-BE54-9A1E7A4F7556}") = "AElf.Kernel.Core", "src\AElf.Kernel.Core\AElf.Kernel.Core.csproj", "{2243323E-36FE-474C-AFB0-0287628331C7}"
EndProject
Project("{9A19103F-16F7-4668-BE54-9A1E7A4F7556}") = "AElf.Contracts.HealthMinerAsset.Tests", "test\AElf.Contracts.HealthMinerAsset.Tests\AElf.Contracts.HealthMinerAsset.Tests.csproj", "{5F77ACFC-15AF-4D68-BDE5-2686964C730D}"
EndProject
Global
	GlobalSection(SolutionConfigurationPlatforms) = preSolution
		Debug|Any CPU = Debug|Any CPU
		Release|Any CPU = Release|Any CPU
	EndGlobalSection
	GlobalSection(ProjectConfigurationPlatforms) = postSolution
		{684704AA-7366-4ABD-AEBA-0469BF940638}.Debug|Any CPU.ActiveCfg = Debug|Any CPU
		{684704AA-7366-4ABD-AEBA-0469BF940638}.Debug|Any CPU.Build.0 = Debug|Any CPU
		{684704AA-7366-4ABD-AEBA-0469BF940638}.Release|Any CPU.ActiveCfg = Release|Any CPU
		{684704AA-7366-4ABD-AEBA-0469BF940638}.Release|Any CPU.Build.0 = Release|Any CPU
		{D6F6218B-3C89-4FC8-A5FD-AEC9E4ABF2E0}.Debug|Any CPU.ActiveCfg = Debug|Any CPU
		{D6F6218B-3C89-4FC8-A5FD-AEC9E4ABF2E0}.Debug|Any CPU.Build.0 = Debug|Any CPU
		{D6F6218B-3C89-4FC8-A5FD-AEC9E4ABF2E0}.Release|Any CPU.ActiveCfg = Release|Any CPU
		{D6F6218B-3C89-4FC8-A5FD-AEC9E4ABF2E0}.Release|Any CPU.Build.0 = Release|Any CPU
		{C5261180-01D3-41D6-A331-5F247B4EA95B}.Debug|Any CPU.ActiveCfg = Debug|Any CPU
		{C5261180-01D3-41D6-A331-5F247B4EA95B}.Debug|Any CPU.Build.0 = Debug|Any CPU
		{C5261180-01D3-41D6-A331-5F247B4EA95B}.Release|Any CPU.ActiveCfg = Release|Any CPU
		{C5261180-01D3-41D6-A331-5F247B4EA95B}.Release|Any CPU.Build.0 = Release|Any CPU
		{8DDD01B9-4263-4C73-B28A-CEE08760C9EC}.Debug|Any CPU.ActiveCfg = Debug|Any CPU
		{8DDD01B9-4263-4C73-B28A-CEE08760C9EC}.Debug|Any CPU.Build.0 = Debug|Any CPU
		{8DDD01B9-4263-4C73-B28A-CEE08760C9EC}.Release|Any CPU.ActiveCfg = Release|Any CPU
		{8DDD01B9-4263-4C73-B28A-CEE08760C9EC}.Release|Any CPU.Build.0 = Release|Any CPU
		{1E2273CC-9958-4A22-AC30-14713A7451A4}.Debug|Any CPU.ActiveCfg = Debug|Any CPU
		{1E2273CC-9958-4A22-AC30-14713A7451A4}.Debug|Any CPU.Build.0 = Debug|Any CPU
		{1E2273CC-9958-4A22-AC30-14713A7451A4}.Release|Any CPU.ActiveCfg = Release|Any CPU
		{1E2273CC-9958-4A22-AC30-14713A7451A4}.Release|Any CPU.Build.0 = Release|Any CPU
		{7D2641CD-EB4F-4157-8B30-4DB5AA2F7DE9}.Debug|Any CPU.ActiveCfg = Debug|Any CPU
		{7D2641CD-EB4F-4157-8B30-4DB5AA2F7DE9}.Debug|Any CPU.Build.0 = Debug|Any CPU
		{7D2641CD-EB4F-4157-8B30-4DB5AA2F7DE9}.Release|Any CPU.ActiveCfg = Release|Any CPU
		{7D2641CD-EB4F-4157-8B30-4DB5AA2F7DE9}.Release|Any CPU.Build.0 = Release|Any CPU
		{E53929EB-5C15-4E1D-BAF9-52C8A64F7563}.Debug|Any CPU.ActiveCfg = Debug|Any CPU
		{E53929EB-5C15-4E1D-BAF9-52C8A64F7563}.Debug|Any CPU.Build.0 = Debug|Any CPU
		{E53929EB-5C15-4E1D-BAF9-52C8A64F7563}.Release|Any CPU.ActiveCfg = Release|Any CPU
		{E53929EB-5C15-4E1D-BAF9-52C8A64F7563}.Release|Any CPU.Build.0 = Release|Any CPU
		{2CCCAF3A-9BA3-41C6-BF69-BB93F89188C2}.Debug|Any CPU.ActiveCfg = Debug|Any CPU
		{2CCCAF3A-9BA3-41C6-BF69-BB93F89188C2}.Debug|Any CPU.Build.0 = Debug|Any CPU
		{2CCCAF3A-9BA3-41C6-BF69-BB93F89188C2}.Release|Any CPU.ActiveCfg = Release|Any CPU
		{2CCCAF3A-9BA3-41C6-BF69-BB93F89188C2}.Release|Any CPU.Build.0 = Release|Any CPU
		{38444651-BD8F-47A5-AA97-A93739999C71}.Debug|Any CPU.ActiveCfg = Debug|Any CPU
		{38444651-BD8F-47A5-AA97-A93739999C71}.Debug|Any CPU.Build.0 = Debug|Any CPU
		{38444651-BD8F-47A5-AA97-A93739999C71}.Release|Any CPU.ActiveCfg = Release|Any CPU
		{38444651-BD8F-47A5-AA97-A93739999C71}.Release|Any CPU.Build.0 = Release|Any CPU
		{49EA11C9-7F03-474F-89E2-96CC7EC63479}.Debug|Any CPU.ActiveCfg = Debug|Any CPU
		{49EA11C9-7F03-474F-89E2-96CC7EC63479}.Debug|Any CPU.Build.0 = Debug|Any CPU
		{49EA11C9-7F03-474F-89E2-96CC7EC63479}.Release|Any CPU.ActiveCfg = Release|Any CPU
		{49EA11C9-7F03-474F-89E2-96CC7EC63479}.Release|Any CPU.Build.0 = Release|Any CPU
		{200D97B6-EBE8-4700-8CDA-C15FBE0EB683}.Debug|Any CPU.ActiveCfg = Debug|Any CPU
		{200D97B6-EBE8-4700-8CDA-C15FBE0EB683}.Debug|Any CPU.Build.0 = Debug|Any CPU
		{200D97B6-EBE8-4700-8CDA-C15FBE0EB683}.Release|Any CPU.ActiveCfg = Release|Any CPU
		{200D97B6-EBE8-4700-8CDA-C15FBE0EB683}.Release|Any CPU.Build.0 = Release|Any CPU
		{E24BA365-9AF9-4E55-A058-065949416A6A}.Debug|Any CPU.ActiveCfg = Debug|Any CPU
		{E24BA365-9AF9-4E55-A058-065949416A6A}.Debug|Any CPU.Build.0 = Debug|Any CPU
		{E24BA365-9AF9-4E55-A058-065949416A6A}.Release|Any CPU.ActiveCfg = Release|Any CPU
		{E24BA365-9AF9-4E55-A058-065949416A6A}.Release|Any CPU.Build.0 = Release|Any CPU
		{5AF17983-1977-4A48-B0EA-76E091DBCD37}.Debug|Any CPU.ActiveCfg = Debug|Any CPU
		{5AF17983-1977-4A48-B0EA-76E091DBCD37}.Debug|Any CPU.Build.0 = Debug|Any CPU
		{5AF17983-1977-4A48-B0EA-76E091DBCD37}.Release|Any CPU.ActiveCfg = Release|Any CPU
		{5AF17983-1977-4A48-B0EA-76E091DBCD37}.Release|Any CPU.Build.0 = Release|Any CPU
		{F1052776-3A60-4656-8EB5-775D51CA8B30}.Debug|Any CPU.ActiveCfg = Debug|Any CPU
		{F1052776-3A60-4656-8EB5-775D51CA8B30}.Debug|Any CPU.Build.0 = Debug|Any CPU
		{F1052776-3A60-4656-8EB5-775D51CA8B30}.Release|Any CPU.ActiveCfg = Release|Any CPU
		{F1052776-3A60-4656-8EB5-775D51CA8B30}.Release|Any CPU.Build.0 = Release|Any CPU
		{41BC622A-6A72-45DB-A2BB-0C0FB863DE13}.Debug|Any CPU.ActiveCfg = Debug|Any CPU
		{41BC622A-6A72-45DB-A2BB-0C0FB863DE13}.Debug|Any CPU.Build.0 = Debug|Any CPU
		{41BC622A-6A72-45DB-A2BB-0C0FB863DE13}.Release|Any CPU.ActiveCfg = Release|Any CPU
		{41BC622A-6A72-45DB-A2BB-0C0FB863DE13}.Release|Any CPU.Build.0 = Release|Any CPU
		{2BC4DD79-7C3B-4C4E-9B09-711739A9245A}.Debug|Any CPU.ActiveCfg = Debug|Any CPU
		{2BC4DD79-7C3B-4C4E-9B09-711739A9245A}.Debug|Any CPU.Build.0 = Debug|Any CPU
		{2BC4DD79-7C3B-4C4E-9B09-711739A9245A}.Release|Any CPU.ActiveCfg = Release|Any CPU
		{2BC4DD79-7C3B-4C4E-9B09-711739A9245A}.Release|Any CPU.Build.0 = Release|Any CPU
		{B6B5099D-B314-467B-831E-BD35DDCD5408}.Debug|Any CPU.ActiveCfg = Debug|Any CPU
		{B6B5099D-B314-467B-831E-BD35DDCD5408}.Debug|Any CPU.Build.0 = Debug|Any CPU
		{B6B5099D-B314-467B-831E-BD35DDCD5408}.Release|Any CPU.ActiveCfg = Release|Any CPU
		{B6B5099D-B314-467B-831E-BD35DDCD5408}.Release|Any CPU.Build.0 = Release|Any CPU
		{C793D02F-B6C4-47B9-9967-17B610EC9CE3}.Debug|Any CPU.ActiveCfg = Debug|Any CPU
		{C793D02F-B6C4-47B9-9967-17B610EC9CE3}.Debug|Any CPU.Build.0 = Debug|Any CPU
		{C793D02F-B6C4-47B9-9967-17B610EC9CE3}.Release|Any CPU.ActiveCfg = Release|Any CPU
		{C793D02F-B6C4-47B9-9967-17B610EC9CE3}.Release|Any CPU.Build.0 = Release|Any CPU
		{56EFA22B-16BE-4322-84B5-BF13DA72C838}.Debug|Any CPU.ActiveCfg = Debug|Any CPU
		{56EFA22B-16BE-4322-84B5-BF13DA72C838}.Debug|Any CPU.Build.0 = Debug|Any CPU
		{56EFA22B-16BE-4322-84B5-BF13DA72C838}.Release|Any CPU.ActiveCfg = Release|Any CPU
		{56EFA22B-16BE-4322-84B5-BF13DA72C838}.Release|Any CPU.Build.0 = Release|Any CPU
		{2243323E-36FE-474C-AFB0-0287628331C7}.Debug|Any CPU.ActiveCfg = Debug|Any CPU
		{2243323E-36FE-474C-AFB0-0287628331C7}.Debug|Any CPU.Build.0 = Debug|Any CPU
		{2243323E-36FE-474C-AFB0-0287628331C7}.Release|Any CPU.ActiveCfg = Release|Any CPU
		{2243323E-36FE-474C-AFB0-0287628331C7}.Release|Any CPU.Build.0 = Release|Any CPU
		{5F77ACFC-15AF-4D68-BDE5-2686964C730D}.Debug|Any CPU.ActiveCfg = Debug|Any CPU
		{5F77ACFC-15AF-4D68-BDE5-2686964C730D}.Debug|Any CPU.Build.0 = Debug|Any CPU
		{5F77ACFC-15AF-4D68-BDE5-2686964C730D}.Release|Any CPU.ActiveCfg = Release|Any CPU
		{5F77ACFC-15AF-4D68-BDE5-2686964C730D}.Release|Any CPU.Build.0 = Release|Any CPU
	EndGlobalSection
	GlobalSection(SolutionProperties) = preSolution
		HideSolutionNode = FALSE
	EndGlobalSection
	GlobalSection(NestedProjects) = preSolution
		{684704AA-7366-4ABD-AEBA-0469BF940638} = {651F0F6E-86CF-42D2-9110-5F3EAE5704F0}
		{D6F6218B-3C89-4FC8-A5FD-AEC9E4ABF2E0} = {51CE1A9E-63A0-49C6-B820-C8519C94F389}
		{C5261180-01D3-41D6-A331-5F247B4EA95B} = {51CE1A9E-63A0-49C6-B820-C8519C94F389}
		{8DDD01B9-4263-4C73-B28A-CEE08760C9EC} = {51CE1A9E-63A0-49C6-B820-C8519C94F389}
		{1E2273CC-9958-4A22-AC30-14713A7451A4} = {51CE1A9E-63A0-49C6-B820-C8519C94F389}
		{7D2641CD-EB4F-4157-8B30-4DB5AA2F7DE9} = {51CE1A9E-63A0-49C6-B820-C8519C94F389}
		{E53929EB-5C15-4E1D-BAF9-52C8A64F7563} = {51CE1A9E-63A0-49C6-B820-C8519C94F389}
		{2CCCAF3A-9BA3-41C6-BF69-BB93F89188C2} = {51CE1A9E-63A0-49C6-B820-C8519C94F389}
		{38444651-BD8F-47A5-AA97-A93739999C71} = {51CE1A9E-63A0-49C6-B820-C8519C94F389}
		{49EA11C9-7F03-474F-89E2-96CC7EC63479} = {51CE1A9E-63A0-49C6-B820-C8519C94F389}
		{200D97B6-EBE8-4700-8CDA-C15FBE0EB683} = {51CE1A9E-63A0-49C6-B820-C8519C94F389}
		{E24BA365-9AF9-4E55-A058-065949416A6A} = {51CE1A9E-63A0-49C6-B820-C8519C94F389}
		{5AF17983-1977-4A48-B0EA-76E091DBCD37} = {51CE1A9E-63A0-49C6-B820-C8519C94F389}
		{F1052776-3A60-4656-8EB5-775D51CA8B30} = {51CE1A9E-63A0-49C6-B820-C8519C94F389}
		{41BC622A-6A72-45DB-A2BB-0C0FB863DE13} = {51CE1A9E-63A0-49C6-B820-C8519C94F389}
		{2BC4DD79-7C3B-4C4E-9B09-711739A9245A} = {51CE1A9E-63A0-49C6-B820-C8519C94F389}
		{B6B5099D-B314-467B-831E-BD35DDCD5408} = {51CE1A9E-63A0-49C6-B820-C8519C94F389}
		{C793D02F-B6C4-47B9-9967-17B610EC9CE3} = {51CE1A9E-63A0-49C6-B820-C8519C94F389}
		{56EFA22B-16BE-4322-84B5-BF13DA72C838} = {51CE1A9E-63A0-49C6-B820-C8519C94F389}
		{2243323E-36FE-474C-AFB0-0287628331C7} = {51CE1A9E-63A0-49C6-B820-C8519C94F389}
		{5F77ACFC-15AF-4D68-BDE5-2686964C730D} = {26990847-E0A2-4FCC-8C71-267CA77557CD}
	EndGlobalSection
	GlobalSection(ExtensibilityGlobals) = postSolution
		SolutionGuid = {69B7C219-3798-4546-9F91-EE1C4BCE033D}
	EndGlobalSection
EndGlobal
